{
    "name": "svelte-feather-docs",
    "version": "0.1.0",
    "lockfileVersion": 2,
    "requires": true,
    "packages": {
        "": {
            "name": "svelte-feather-docs",
            "version": "0.1.0",
            "dependencies": {
                "chota": "^0.8.0",
                "prismjs": "^1.27.0",
                "svelte-feather": "file:.."
            },
            "devDependencies": {
                "@sveltejs/adapter-static": "^1.0.0-next.4",
                "@sveltejs/kit": "^1.0.0-next.58",
                "rimraf": "^3.0.2",
                "svelte": "^3.35.0"
            }
        },
        "..": {
            "name": "svelte-feather",
            "version": "0.1.0",
            "devDependencies": {
                "esbuild": "^0.9.6",
                "esbuild-svelte": "^0.4.3",
                "feather-icons": "^4.28.0",
                "prettier": "^1.14.3",
                "rimraf": "^3.0.2",
                "svelte": "^3.22.3"
            },
            "engines": {
                "node": ">=12.0.0"
            }
        },
        "node_modules/@sveltejs/adapter-static": {
            "version": "1.0.0-next.4",
            "resolved": "https://registry.npmjs.org/@sveltejs/adapter-static/-/adapter-static-1.0.0-next.4.tgz",
            "integrity": "sha512-Atri/5jyiVmAklqDKb/5czmLkHos6LQOag61k/C6qWozMb8UopvL3bTm62hFQXGKvGnuSRq2xIueDOKWHM/7rA==",
            "dev": true
        },
        "node_modules/@sveltejs/kit": {
            "version": "1.0.0-next.58",
            "resolved": "https://registry.npmjs.org/@sveltejs/kit/-/kit-1.0.0-next.58.tgz",
            "integrity": "sha512-Ta4VY1Wxc533+hwnPwEVMgMn43L1lwafTLZHksXO3rpnl/+IcXV1v6j4cTTkQiqEslU4wMZyxIpzWzZGQAypPg==",
            "dev": true,
            "dependencies": {
                "@sveltejs/vite-plugin-svelte": "^1.0.0-next.5",
                "cheap-watch": "^1.0.3",
                "sade": "^1.7.4"
            },
            "bin": {
                "svelte-kit": "svelte-kit.js"
            },
            "peerDependencies": {
                "svelte": "^3.32.1",
                "vite": "^2.1.0"
            }
        },
        "node_modules/@sveltejs/vite-plugin-svelte": {
            "version": "1.0.0-next.5",
            "resolved": "https://registry.npmjs.org/@sveltejs/vite-plugin-svelte/-/vite-plugin-svelte-1.0.0-next.5.tgz",
            "integrity": "sha512-RVjafsqziWwnQm8VEy2y0qNaugNDvRd8tTaCt9rjgQkqaS/BDiyDCluXxA28PRC+ddZjvwUeq9k+0EfbLVObfg==",
            "dev": true,
            "dependencies": {
                "@rollup/pluginutils": "^4.1.0",
                "chalk": "^4.1.0",
                "debug": "^4.3.2",
                "hash-sum": "^2.0.0",
                "require-relative": "^0.8.7",
                "slash": "^3.0.0",
                "source-map": "^0.7.3",
                "svelte-hmr": "^0.13.3"
            },
            "engines": {
                "node": ">=12.0.0"
            },
            "peerDependencies": {
                "svelte": "^3.35.0",
                "vite": "^2.1.2"
            }
        },
        "node_modules/@sveltejs/vite-plugin-svelte/node_modules/@rollup/pluginutils": {
            "version": "4.1.0",
            "resolved": "https://registry.npmjs.org/@rollup/pluginutils/-/pluginutils-4.1.0.tgz",
            "integrity": "sha512-TrBhfJkFxA+ER+ew2U2/fHbebhLT/l/2pRk0hfj9KusXUuRXd2v0R58AfaZK9VXDQ4TogOSEmICVrQAA3zFnHQ==",
            "dev": true,
            "dependencies": {
                "estree-walker": "^2.0.1",
                "picomatch": "^2.2.2"
            },
            "engines": {
                "node": ">= 8.0.0"
            },
            "peerDependencies": {
                "rollup": "^1.20.0||^2.0.0"
            }
        },
        "node_modules/@sveltejs/vite-plugin-svelte/node_modules/ansi-styles": {
            "version": "4.3.0",
            "resolved": "https://registry.npmjs.org/ansi-styles/-/ansi-styles-4.3.0.tgz",
            "integrity": "sha512-zbB9rCJAT1rbjiVDb2hqKFHNYLxgtk8NURxZ3IZwD3F6NtxbXZQCnnSi1Lkx+IDohdPlFp222wVALIheZJQSEg==",
            "dev": true,
            "dependencies": {
                "color-convert": "^2.0.1"
            },
            "engines": {
                "node": ">=8"
            },
            "funding": {
                "url": "https://github.com/chalk/ansi-styles?sponsor=1"
            }
        },
        "node_modules/@sveltejs/vite-plugin-svelte/node_modules/chalk": {
            "version": "4.1.0",
            "resolved": "https://registry.npmjs.org/chalk/-/chalk-4.1.0.tgz",
            "integrity": "sha512-qwx12AxXe2Q5xQ43Ac//I6v5aXTipYrSESdOgzrN+9XjgEpyjpKuvSGaN4qE93f7TQTlerQQ8S+EQ0EyDoVL1A==",
            "dev": true,
            "dependencies": {
                "ansi-styles": "^4.1.0",
                "supports-color": "^7.1.0"
            },
            "engines": {
                "node": ">=10"
            },
            "funding": {
                "url": "https://github.com/chalk/chalk?sponsor=1"
            }
        },
        "node_modules/@sveltejs/vite-plugin-svelte/node_modules/color-convert": {
            "version": "2.0.1",
            "resolved": "https://registry.npmjs.org/color-convert/-/color-convert-2.0.1.tgz",
            "integrity": "sha512-RRECPsj7iu/xb5oKYcsFHSppFNnsj/52OVTRKb4zP5onXwVF3zVmmToNcOfGC+CRDpfK/U584fMg38ZHCaElKQ==",
            "dev": true,
            "dependencies": {
                "color-name": "~1.1.4"
            },
            "engines": {
                "node": ">=7.0.0"
            }
        },
        "node_modules/@sveltejs/vite-plugin-svelte/node_modules/color-name": {
            "version": "1.1.4",
            "resolved": "https://registry.npmjs.org/color-name/-/color-name-1.1.4.tgz",
            "integrity": "sha512-dOy+3AuW3a2wNbZHIuMZpTcgjGuLU/uBL/ubcZF9OXbDo8ff4O8yVp5Bf0efS8uEoYo5q4Fx7dY9OgQGXgAsQA==",
            "dev": true
        },
        "node_modules/@sveltejs/vite-plugin-svelte/node_modules/estree-walker": {
            "version": "2.0.2",
            "resolved": "https://registry.npmjs.org/estree-walker/-/estree-walker-2.0.2.tgz",
            "integrity": "sha512-Rfkk/Mp/DL7JVje3u18FxFujQlTNR2q6QfMSMB7AvCBx91NGj/ba3kCfza0f6dVDbw7YlRf/nDrn7pQrCCyQ/w==",
            "dev": true
        },
        "node_modules/@sveltejs/vite-plugin-svelte/node_modules/has-flag": {
            "version": "4.0.0",
            "resolved": "https://registry.npmjs.org/has-flag/-/has-flag-4.0.0.tgz",
            "integrity": "sha512-EykJT/Q1KjTWctppgIAgfSO0tKVuZUjhgMr17kqTumMl6Afv3EISleU7qZUzoXDFTAHTDC4NOoG/ZxU3EvlMPQ==",
            "dev": true,
            "engines": {
                "node": ">=8"
            }
        },
        "node_modules/@sveltejs/vite-plugin-svelte/node_modules/source-map": {
            "version": "0.7.3",
            "resolved": "https://registry.npmjs.org/source-map/-/source-map-0.7.3.tgz",
            "integrity": "sha512-CkCj6giN3S+n9qrYiBTX5gystlENnRW5jZeNLHpe6aue+SrHcG5VYwujhW9s4dY31mEGsxBDrHR6oI69fTXsaQ==",
            "dev": true,
            "engines": {
                "node": ">= 8"
            }
        },
        "node_modules/@sveltejs/vite-plugin-svelte/node_modules/supports-color": {
            "version": "7.2.0",
            "resolved": "https://registry.npmjs.org/supports-color/-/supports-color-7.2.0.tgz",
            "integrity": "sha512-qpCAvRl9stuOHveKsn7HncJRvv501qIacKzQlO/+Lwxc9+0q2wLyv4Dfvt80/DPn2pqOBsJdDiogXGR9+OvwRw==",
            "dev": true,
            "dependencies": {
                "has-flag": "^4.0.0"
            },
            "engines": {
                "node": ">=8"
            }
        },
        "node_modules/@types/estree": {
            "version": "0.0.39",
            "resolved": "https://registry.npmjs.org/@types/estree/-/estree-0.0.39.tgz",
            "integrity": "sha512-EYNwp3bU+98cpU4lAWYYL7Zz+2gryWH1qbdDTidVd6hkiR6weksdbMadyXKXNPEkQFhXM+hVO9ZygomHXp+AIw==",
            "dev": true,
            "peer": true
        },
        "node_modules/@types/node": {
            "version": "14.0.3",
            "resolved": "https://registry.npmjs.org/@types/node/-/node-14.0.3.tgz",
            "integrity": "sha512-a8TR2N5VEJCL9HEJrAfwv3UI1bZq50HydowDDVV6pfnY7ZwG5Pjii+nSDhrDtGW3XKMoVKOgG8zS/Kv5j399uA==",
            "dev": true,
            "peer": true
        },
        "node_modules/acorn": {
            "version": "7.2.0",
            "resolved": "https://registry.npmjs.org/acorn/-/acorn-7.2.0.tgz",
            "integrity": "sha512-apwXVmYVpQ34m/i71vrApRrRKCWQnZZF1+npOD0WV5xZFfwWOmKGQ2RWlfdy9vWITsenisM8M0Qeq8agcFHNiQ==",
            "dev": true,
            "peer": true,
            "bin": {
                "acorn": "bin/acorn"
            },
            "engines": {
                "node": ">=0.4.0"
            }
        },
        "node_modules/balanced-match": {
            "version": "1.0.0",
            "resolved": "https://registry.npmjs.org/balanced-match/-/balanced-match-1.0.0.tgz",
            "integrity": "sha1-ibTRmasr7kneFk6gK4nORi1xt2c=",
            "dev": true
        },
        "node_modules/brace-expansion": {
            "version": "1.1.11",
            "resolved": "https://registry.npmjs.org/brace-expansion/-/brace-expansion-1.1.11.tgz",
            "integrity": "sha512-iCuPHDFgrHX7H2vEI/5xpz07zSHB00TpugqhmYtVmMO6518mCuRMoOYFldEBl0g187ufozdaHgWKcYFb61qGiA==",
            "dev": true,
            "dependencies": {
                "balanced-match": "^1.0.0",
                "concat-map": "0.0.1"
            }
        },
        "node_modules/cheap-watch": {
            "version": "1.0.3",
            "resolved": "https://registry.npmjs.org/cheap-watch/-/cheap-watch-1.0.3.tgz",
            "integrity": "sha512-xC5CruMhLzjPwJ5ecUxGu1uGmwJQykUhqd2QrCrYbwvsFYdRyviu6jG9+pccwDXJR/OpmOTOJ9yLFunVgQu9wg==",
            "dev": true,
            "engines": {
                "node": ">=8"
            }
        },
        "node_modules/chota": {
            "version": "0.8.0",
            "resolved": "https://registry.npmjs.org/chota/-/chota-0.8.0.tgz",
            "integrity": "sha512-6Y6MrULPNVup+9i+bFF5mXvifw4/N0AqcTO6VkhRcmRqY0XD2/EKq2kD8y7dX/PJnDq9ruHl2NURlPtGkMSNsg=="
        },
        "node_modules/colorette": {
            "version": "1.2.2",
            "resolved": "https://registry.npmjs.org/colorette/-/colorette-1.2.2.tgz",
            "integrity": "sha512-MKGMzyfeuutC/ZJ1cba9NqcNpfeqMUcYmyF1ZFY6/Cn7CNSAKx6a+s48sqLqyAiZuaP2TcqMhoo+dlwFnVxT9w==",
            "dev": true,
            "peer": true
        },
        "node_modules/concat-map": {
            "version": "0.0.1",
            "resolved": "https://registry.npmjs.org/concat-map/-/concat-map-0.0.1.tgz",
            "integrity": "sha1-2Klr13/Wjfd5OnMDajug1UBdR3s=",
            "dev": true
        },
        "node_modules/debug": {
            "version": "4.3.2",
            "resolved": "https://registry.npmjs.org/debug/-/debug-4.3.2.tgz",
            "integrity": "sha512-mOp8wKcvj7XxC78zLgw/ZA+6TSgkoE2C/ienthhRD298T7UNwAg9diBpLRxC0mOezLl4B0xV7M0cCO6P/O0Xhw==",
            "dev": true,
            "dependencies": {
                "ms": "2.1.2"
            },
            "engines": {
                "node": ">=6.0"
            },
            "peerDependenciesMeta": {
                "supports-color": {
                    "optional": true
                }
            }
        },
        "node_modules/esbuild": {
            "version": "0.9.6",
            "resolved": "https://registry.npmjs.org/esbuild/-/esbuild-0.9.6.tgz",
            "integrity": "sha512-F6vASxU0wT/Davt9aj2qtDwDNSkQxh9VbyO56M7PDWD+D/Vgq/rmUDGDQo7te76W5auauVojjnQr/wTu3vpaUA==",
            "dev": true,
            "hasInstallScript": true,
            "peer": true,
            "bin": {
                "esbuild": "bin/esbuild"
            }
        },
        "node_modules/fs.realpath": {
            "version": "1.0.0",
            "resolved": "https://registry.npmjs.org/fs.realpath/-/fs.realpath-1.0.0.tgz",
            "integrity": "sha1-FQStJSMVjKpA20onh8sBQRmU6k8=",
            "dev": true
        },
        "node_modules/function-bind": {
            "version": "1.1.1",
            "resolved": "https://registry.npmjs.org/function-bind/-/function-bind-1.1.1.tgz",
            "integrity": "sha512-yIovAzMX49sF8Yl58fSCWJ5svSLuaibPxXQJFLmBObTuCr0Mf1KiPopGM9NiFjiYBCbfaa2Fh6breQ6ANVTI0A==",
            "dev": true,
            "peer": true
        },
        "node_modules/glob": {
            "version": "7.1.6",
            "resolved": "https://registry.npmjs.org/glob/-/glob-7.1.6.tgz",
            "integrity": "sha512-LwaxwyZ72Lk7vZINtNNrywX0ZuLyStrdDtabefZKAY5ZGJhVtgdznluResxNmPitE0SAO+O26sWTHeKSI2wMBA==",
            "dev": true,
            "dependencies": {
                "fs.realpath": "^1.0.0",
                "inflight": "^1.0.4",
                "inherits": "2",
                "minimatch": "^3.0.4",
                "once": "^1.3.0",
                "path-is-absolute": "^1.0.0"
            },
            "engines": {
                "node": "*"
            }
        },
        "node_modules/has": {
            "version": "1.0.3",
            "resolved": "https://registry.npmjs.org/has/-/has-1.0.3.tgz",
            "integrity": "sha512-f2dvO0VU6Oej7RkWJGrehjbzMAjFp5/VKPp5tTpWIV4JHHZK1/BxbFRtf/siA2SWTe09caDmVtYYzWEIbBS4zw==",
            "dev": true,
            "peer": true,
            "dependencies": {
                "function-bind": "^1.1.1"
            },
            "engines": {
                "node": ">= 0.4.0"
            }
        },
        "node_modules/hash-sum": {
            "version": "2.0.0",
            "resolved": "https://registry.npmjs.org/hash-sum/-/hash-sum-2.0.0.tgz",
            "integrity": "sha512-WdZTbAByD+pHfl/g9QSsBIIwy8IT+EsPiKDs0KNX+zSHhdDLFKdZu0BQHljvO+0QI/BasbMSUa8wYNCZTvhslg==",
            "dev": true
        },
        "node_modules/inflight": {
            "version": "1.0.6",
            "resolved": "https://registry.npmjs.org/inflight/-/inflight-1.0.6.tgz",
            "integrity": "sha1-Sb1jMdfQLQwJvJEKEHW6gWW1bfk=",
            "dev": true,
            "dependencies": {
                "once": "^1.3.0",
                "wrappy": "1"
            }
        },
        "node_modules/inherits": {
            "version": "2.0.4",
            "resolved": "https://registry.npmjs.org/inherits/-/inherits-2.0.4.tgz",
            "integrity": "sha512-k/vGaX4/Yla3WzyMCvTQOXYeIHvqOKtnqBduzTHpzpQZzAskKMhZ2K+EnBiSM9zGSoIFeMpXKxa4dYeZIQqewQ==",
            "dev": true
        },
        "node_modules/is-core-module": {
            "version": "2.2.0",
            "resolved": "https://registry.npmjs.org/is-core-module/-/is-core-module-2.2.0.tgz",
            "integrity": "sha512-XRAfAdyyY5F5cOXn7hYQDqh2Xmii+DEfIcQGxK/uNwMHhIkPWO0g8msXcbzLe+MpGoR951MlqM/2iIlU4vKDdQ==",
            "dev": true,
            "peer": true,
            "dependencies": {
                "has": "^1.0.3"
            },
            "funding": {
                "url": "https://github.com/sponsors/ljharb"
            }
        },
        "node_modules/minimatch": {
            "version": "3.0.4",
            "resolved": "https://registry.npmjs.org/minimatch/-/minimatch-3.0.4.tgz",
            "integrity": "sha512-yJHVQEhyqPLUTgt9B83PXu6W3rx4MvvHvSUvToogpwoGDOUQ+yDrR0HRot+yOCdCO7u4hX3pWft6kWBBcqh0UA==",
            "dev": true,
            "dependencies": {
                "brace-expansion": "^1.1.7"
            },
            "engines": {
                "node": "*"
            }
        },
        "node_modules/mri": {
            "version": "1.1.6",
            "resolved": "https://registry.npmjs.org/mri/-/mri-1.1.6.tgz",
            "integrity": "sha512-oi1b3MfbyGa7FJMP9GmLTttni5JoICpYBRlq+x5V16fZbLsnL9N3wFqqIm/nIG43FjUFkFh9Epzp/kzUGUnJxQ==",
            "dev": true,
            "engines": {
                "node": ">=4"
            }
        },
        "node_modules/ms": {
            "version": "2.1.2",
            "resolved": "https://registry.npmjs.org/ms/-/ms-2.1.2.tgz",
            "integrity": "sha512-sGkPx+VjMtmA6MX27oA4FBFELFCZZ4S4XqeGOXCv68tT+jb3vk/RyaKWP0PTKyWtmLSM0b+adUTEvbs1PEaH2w==",
            "dev": true
        },
        "node_modules/nanoid": {
            "version": "3.1.22",
            "resolved": "https://registry.npmjs.org/nanoid/-/nanoid-3.1.22.tgz",
            "integrity": "sha512-/2ZUaJX2ANuLtTvqTlgqBQNJoQO398KyJgZloL0PZkC0dpysjncRUPsFe3DUPzz/y3h+u7C46np8RMuvF3jsSQ==",
            "dev": true,
            "peer": true,
            "bin": {
                "nanoid": "bin/nanoid.cjs"
            },
            "engines": {
                "node": "^10 || ^12 || ^13.7 || ^14 || >=15.0.1"
            }
        },
        "node_modules/once": {
            "version": "1.4.0",
            "resolved": "https://registry.npmjs.org/once/-/once-1.4.0.tgz",
            "integrity": "sha1-WDsap3WWHUsROsF9nFC6753Xa9E=",
            "dev": true,
            "dependencies": {
                "wrappy": "1"
            }
        },
        "node_modules/path-is-absolute": {
            "version": "1.0.1",
            "resolved": "https://registry.npmjs.org/path-is-absolute/-/path-is-absolute-1.0.1.tgz",
            "integrity": "sha1-F0uSaHNVNP+8es5r9TpanhtcX18=",
            "dev": true,
            "engines": {
                "node": ">=0.10.0"
            }
        },
        "node_modules/path-parse": {
            "version": "1.0.6",
            "resolved": "https://registry.npmjs.org/path-parse/-/path-parse-1.0.6.tgz",
            "integrity": "sha512-GSmOT2EbHrINBf9SR7CDELwlJ8AENk3Qn7OikK4nFYAu3Ote2+JYNVvkpAEQm3/TLNEJFD/xZJjzyxg3KBWOzw==",
            "dev": true,
            "peer": true
        },
        "node_modules/picomatch": {
            "version": "2.2.2",
            "resolved": "https://registry.npmjs.org/picomatch/-/picomatch-2.2.2.tgz",
            "integrity": "sha512-q0M/9eZHzmr0AulXyPwNfZjtwZ/RBZlbN3K3CErVrk50T2ASYI7Bye0EvekFY3IP1Nt2DHu0re+V2ZHIpMkuWg==",
            "dev": true,
            "engines": {
                "node": ">=8.6"
            }
        },
        "node_modules/postcss": {
            "version": "8.2.8",
            "resolved": "https://registry.npmjs.org/postcss/-/postcss-8.2.8.tgz",
            "integrity": "sha512-1F0Xb2T21xET7oQV9eKuctbM9S7BC0fetoHCc4H13z0PT6haiRLP4T0ZY4XWh7iLP0usgqykT6p9B2RtOf4FPw==",
            "dev": true,
            "peer": true,
            "dependencies": {
                "colorette": "^1.2.2",
                "nanoid": "^3.1.20",
                "source-map": "^0.6.1"
            },
            "engines": {
                "node": "^10 || ^12 || >=14"
            },
            "funding": {
                "type": "opencollective",
                "url": "https://opencollective.com/postcss/"
            }
        },
        "node_modules/postcss/node_modules/source-map": {
            "version": "0.6.1",
            "resolved": "https://registry.npmjs.org/source-map/-/source-map-0.6.1.tgz",
            "integrity": "sha512-UjgapumWlbMhkBgzT7Ykc5YXUT46F0iKu8SGXq0bcwP5dz/h0Plj6enJqjz1Zbq2l5WaqYnrVbwWOWMyF3F47g==",
            "dev": true,
            "peer": true,
            "engines": {
                "node": ">=0.10.0"
            }
        },
        "node_modules/prismjs": {
            "version": "1.27.0",
            "resolved": "https://registry.npmjs.org/prismjs/-/prismjs-1.27.0.tgz",
            "integrity": "sha512-t13BGPUlFDR7wRB5kQDG4jjl7XeuH6jbJGt11JHPL96qwsEHNX2+68tFXqc1/k+/jALsbSWJKUOT/hcYAZ5LkA==",
            "engines": {
                "node": ">=6"
            }
        },
        "node_modules/require-relative": {
            "version": "0.8.7",
            "resolved": "https://registry.npmjs.org/require-relative/-/require-relative-0.8.7.tgz",
            "integrity": "sha1-eZlTn8ngR6N5KPoZb44VY9q9Nt4=",
            "dev": true
        },
        "node_modules/resolve": {
            "version": "1.20.0",
            "resolved": "https://registry.npmjs.org/resolve/-/resolve-1.20.0.tgz",
            "integrity": "sha512-wENBPt4ySzg4ybFQW2TT1zMQucPK95HSh/nq2CFTZVOGut2+pQvSsgtda4d26YrYcr067wjbmzOG8byDPBX63A==",
            "dev": true,
            "peer": true,
            "dependencies": {
                "is-core-module": "^2.2.0",
                "path-parse": "^1.0.6"
            },
            "funding": {
                "url": "https://github.com/sponsors/ljharb"
            }
        },
        "node_modules/rimraf": {
            "version": "3.0.2",
            "resolved": "https://registry.npmjs.org/rimraf/-/rimraf-3.0.2.tgz",
            "integrity": "sha512-JZkJMZkAGFFPP2YqXZXPbMlMBgsxzE8ILs4lMIX/2o0L9UBw9O/Y3o6wFw/i9YLapcUJWwqbi3kdxIPdC62TIA==",
            "dev": true,
            "dependencies": {
                "glob": "^7.1.3"
            },
            "bin": {
                "rimraf": "bin.js"
            }
        },
        "node_modules/rollup": {
            "version": "1.32.1",
            "resolved": "https://registry.npmjs.org/rollup/-/rollup-1.32.1.tgz",
            "integrity": "sha512-/2HA0Ec70TvQnXdzynFffkjA6XN+1e2pEv/uKS5Ulca40g2L7KuOE3riasHoNVHOsFD5KKZgDsMk1CP3Tw9s+A==",
            "dev": true,
            "peer": true,
            "dependencies": {
                "@types/estree": "*",
                "@types/node": "*",
                "acorn": "^7.1.0"
            },
            "bin": {
                "rollup": "dist/bin/rollup"
            }
        },
        "node_modules/sade": {
            "version": "1.7.4",
            "resolved": "https://registry.npmjs.org/sade/-/sade-1.7.4.tgz",
            "integrity": "sha512-y5yauMD93rX840MwUJr7C1ysLFBgMspsdTo4UVrDg3fXDvtwOyIqykhVAAm6fk/3au77773itJStObgK+LKaiA==",
            "dev": true,
            "dependencies": {
                "mri": "^1.1.0"
            },
            "engines": {
                "node": ">= 6"
            }
        },
        "node_modules/slash": {
            "version": "3.0.0",
            "resolved": "https://registry.npmjs.org/slash/-/slash-3.0.0.tgz",
            "integrity": "sha512-g9Q1haeby36OSStwb4ntCGGGaKsaVSjQ68fBxoQcutl5fS1vuY18H3wSt3jFyFtrkx+Kz0V1G85A4MyAdDMi2Q==",
            "dev": true,
            "engines": {
                "node": ">=8"
            }
        },
        "node_modules/svelte": {
            "version": "3.35.0",
            "resolved": "https://registry.npmjs.org/svelte/-/svelte-3.35.0.tgz",
            "integrity": "sha512-gknlZkR2sXheu/X+B7dDImwANVvK1R0QGQLd8CNIfxxGPeXBmePnxfzb6fWwTQRsYQG7lYkZXvpXJvxvpsoB7g==",
            "dev": true,
            "engines": {
                "node": ">= 8"
            }
        },
        "node_modules/svelte-feather": {
            "resolved": "..",
            "link": true
        },
        "node_modules/svelte-hmr": {
            "version": "0.13.3",
            "resolved": "https://registry.npmjs.org/svelte-hmr/-/svelte-hmr-0.13.3.tgz",
            "integrity": "sha512-gagW62pLQ2lULmvNA3pIZu9pBCYOaGu3rQikUOv6Nokz5VxUgT9/mQLfMxj9phDEKHCg/lgr3i6PkqZDbO9P2Q==",
            "dev": true,
            "peerDependencies": {
                "svelte": ">=3.19.0"
            }
        },
        "node_modules/vite": {
            "version": "2.1.2",
            "resolved": "https://registry.npmjs.org/vite/-/vite-2.1.2.tgz",
            "integrity": "sha512-K96k5Nb1kywggFwZNGf/NQVZIrjMSvjebYWFIEQRu8AQWtzxatMF8/reExFXebmrfWAT3PTUk6l4zJBkpMtyVg==",
            "dev": true,
            "peer": true,
            "dependencies": {
                "esbuild": "^0.9.3",
                "postcss": "^8.2.1",
                "resolve": "^1.19.0",
                "rollup": "^2.38.5"
            },
            "bin": {
                "vite": "bin/vite.js"
            },
            "engines": {
                "node": ">=12.0.0"
            },
            "optionalDependencies": {
                "fsevents": "~2.3.1"
            }
        },
        "node_modules/vite/node_modules/fsevents": {
            "version": "2.3.2",
            "resolved": "https://registry.npmjs.org/fsevents/-/fsevents-2.3.2.tgz",
            "integrity": "sha512-xiqMQR4xAeHTuB9uWm+fFRcIOgKBMiOBP+eXiyT7jsgVCq1bkVygt00oASowB7EdtpOHaaPgKt812P9ab+DDKA==",
            "dev": true,
            "hasInstallScript": true,
            "optional": true,
            "os": [
                "darwin"
            ],
            "peer": true,
            "engines": {
                "node": "^8.16.0 || ^10.6.0 || >=11.0.0"
            }
        },
        "node_modules/vite/node_modules/rollup": {
            "version": "2.42.4",
            "resolved": "https://registry.npmjs.org/rollup/-/rollup-2.42.4.tgz",
            "integrity": "sha512-Zqv3EvNfcllBHyyEUM754npqsZw82VIjK34cDQMwrQ1d6aqxzeYu5yFb7smGkPU4C1Bj7HupIMeT6WU7uIdnMw==",
            "dev": true,
            "peer": true,
            "bin": {
                "rollup": "dist/bin/rollup"
            },
            "engines": {
                "node": ">=10.0.0"
            },
            "optionalDependencies": {
                "fsevents": "~2.3.1"
            }
        },
        "node_modules/wrappy": {
            "version": "1.0.2",
            "resolved": "https://registry.npmjs.org/wrappy/-/wrappy-1.0.2.tgz",
            "integrity": "sha1-tSQ9jz7BqjXxNkYFvA0QNuMKtp8=",
            "dev": true
        }
    },
    "dependencies": {
        "@sveltejs/adapter-static": {
            "version": "1.0.0-next.4",
            "resolved": "https://registry.npmjs.org/@sveltejs/adapter-static/-/adapter-static-1.0.0-next.4.tgz",
            "integrity": "sha512-Atri/5jyiVmAklqDKb/5czmLkHos6LQOag61k/C6qWozMb8UopvL3bTm62hFQXGKvGnuSRq2xIueDOKWHM/7rA==",
            "dev": true
        },
        "@sveltejs/kit": {
            "version": "1.0.0-next.58",
            "resolved": "https://registry.npmjs.org/@sveltejs/kit/-/kit-1.0.0-next.58.tgz",
            "integrity": "sha512-Ta4VY1Wxc533+hwnPwEVMgMn43L1lwafTLZHksXO3rpnl/+IcXV1v6j4cTTkQiqEslU4wMZyxIpzWzZGQAypPg==",
            "dev": true,
            "requires": {
                "@sveltejs/vite-plugin-svelte": "^1.0.0-next.5",
                "cheap-watch": "^1.0.3",
                "sade": "^1.7.4"
            }
        },
        "@sveltejs/vite-plugin-svelte": {
            "version": "1.0.0-next.5",
            "resolved": "https://registry.npmjs.org/@sveltejs/vite-plugin-svelte/-/vite-plugin-svelte-1.0.0-next.5.tgz",
            "integrity": "sha512-RVjafsqziWwnQm8VEy2y0qNaugNDvRd8tTaCt9rjgQkqaS/BDiyDCluXxA28PRC+ddZjvwUeq9k+0EfbLVObfg==",
            "dev": true,
            "requires": {
                "@rollup/pluginutils": "^4.1.0",
                "chalk": "^4.1.0",
                "debug": "^4.3.2",
                "hash-sum": "^2.0.0",
                "require-relative": "^0.8.7",
                "slash": "^3.0.0",
                "source-map": "^0.7.3",
                "svelte-hmr": "^0.13.3"
            },
            "dependencies": {
                "@rollup/pluginutils": {
                    "version": "4.1.0",
                    "resolved": "https://registry.npmjs.org/@rollup/pluginutils/-/pluginutils-4.1.0.tgz",
                    "integrity": "sha512-TrBhfJkFxA+ER+ew2U2/fHbebhLT/l/2pRk0hfj9KusXUuRXd2v0R58AfaZK9VXDQ4TogOSEmICVrQAA3zFnHQ==",
                    "dev": true,
                    "requires": {
                        "estree-walker": "^2.0.1",
                        "picomatch": "^2.2.2"
                    }
                },
                "ansi-styles": {
                    "version": "4.3.0",
                    "resolved": "https://registry.npmjs.org/ansi-styles/-/ansi-styles-4.3.0.tgz",
                    "integrity": "sha512-zbB9rCJAT1rbjiVDb2hqKFHNYLxgtk8NURxZ3IZwD3F6NtxbXZQCnnSi1Lkx+IDohdPlFp222wVALIheZJQSEg==",
                    "dev": true,
                    "requires": {
                        "color-convert": "^2.0.1"
                    }
                },
                "chalk": {
                    "version": "4.1.0",
                    "resolved": "https://registry.npmjs.org/chalk/-/chalk-4.1.0.tgz",
                    "integrity": "sha512-qwx12AxXe2Q5xQ43Ac//I6v5aXTipYrSESdOgzrN+9XjgEpyjpKuvSGaN4qE93f7TQTlerQQ8S+EQ0EyDoVL1A==",
                    "dev": true,
                    "requires": {
                        "ansi-styles": "^4.1.0",
                        "supports-color": "^7.1.0"
                    }
                },
                "color-convert": {
                    "version": "2.0.1",
                    "resolved": "https://registry.npmjs.org/color-convert/-/color-convert-2.0.1.tgz",
                    "integrity": "sha512-RRECPsj7iu/xb5oKYcsFHSppFNnsj/52OVTRKb4zP5onXwVF3zVmmToNcOfGC+CRDpfK/U584fMg38ZHCaElKQ==",
                    "dev": true,
                    "requires": {
                        "color-name": "~1.1.4"
                    }
                },
                "color-name": {
                    "version": "1.1.4",
                    "resolved": "https://registry.npmjs.org/color-name/-/color-name-1.1.4.tgz",
                    "integrity": "sha512-dOy+3AuW3a2wNbZHIuMZpTcgjGuLU/uBL/ubcZF9OXbDo8ff4O8yVp5Bf0efS8uEoYo5q4Fx7dY9OgQGXgAsQA==",
                    "dev": true
                },
                "estree-walker": {
                    "version": "2.0.2",
                    "resolved": "https://registry.npmjs.org/estree-walker/-/estree-walker-2.0.2.tgz",
                    "integrity": "sha512-Rfkk/Mp/DL7JVje3u18FxFujQlTNR2q6QfMSMB7AvCBx91NGj/ba3kCfza0f6dVDbw7YlRf/nDrn7pQrCCyQ/w==",
                    "dev": true
                },
                "has-flag": {
                    "version": "4.0.0",
                    "resolved": "https://registry.npmjs.org/has-flag/-/has-flag-4.0.0.tgz",
                    "integrity": "sha512-EykJT/Q1KjTWctppgIAgfSO0tKVuZUjhgMr17kqTumMl6Afv3EISleU7qZUzoXDFTAHTDC4NOoG/ZxU3EvlMPQ==",
                    "dev": true
                },
                "source-map": {
                    "version": "0.7.3",
                    "resolved": "https://registry.npmjs.org/source-map/-/source-map-0.7.3.tgz",
                    "integrity": "sha512-CkCj6giN3S+n9qrYiBTX5gystlENnRW5jZeNLHpe6aue+SrHcG5VYwujhW9s4dY31mEGsxBDrHR6oI69fTXsaQ==",
                    "dev": true
                },
                "supports-color": {
                    "version": "7.2.0",
                    "resolved": "https://registry.npmjs.org/supports-color/-/supports-color-7.2.0.tgz",
                    "integrity": "sha512-qpCAvRl9stuOHveKsn7HncJRvv501qIacKzQlO/+Lwxc9+0q2wLyv4Dfvt80/DPn2pqOBsJdDiogXGR9+OvwRw==",
                    "dev": true,
                    "requires": {
                        "has-flag": "^4.0.0"
                    }
                }
            }
        },
        "@types/estree": {
            "version": "0.0.39",
            "resolved": "https://registry.npmjs.org/@types/estree/-/estree-0.0.39.tgz",
            "integrity": "sha512-EYNwp3bU+98cpU4lAWYYL7Zz+2gryWH1qbdDTidVd6hkiR6weksdbMadyXKXNPEkQFhXM+hVO9ZygomHXp+AIw==",
            "dev": true,
            "peer": true
        },
        "@types/node": {
            "version": "14.0.3",
            "resolved": "https://registry.npmjs.org/@types/node/-/node-14.0.3.tgz",
            "integrity": "sha512-a8TR2N5VEJCL9HEJrAfwv3UI1bZq50HydowDDVV6pfnY7ZwG5Pjii+nSDhrDtGW3XKMoVKOgG8zS/Kv5j399uA==",
            "dev": true,
            "peer": true
        },
        "acorn": {
            "version": "7.2.0",
            "resolved": "https://registry.npmjs.org/acorn/-/acorn-7.2.0.tgz",
            "integrity": "sha512-apwXVmYVpQ34m/i71vrApRrRKCWQnZZF1+npOD0WV5xZFfwWOmKGQ2RWlfdy9vWITsenisM8M0Qeq8agcFHNiQ==",
            "dev": true,
            "peer": true
        },
        "balanced-match": {
            "version": "1.0.0",
            "resolved": "https://registry.npmjs.org/balanced-match/-/balanced-match-1.0.0.tgz",
            "integrity": "sha1-ibTRmasr7kneFk6gK4nORi1xt2c=",
            "dev": true
        },
        "brace-expansion": {
            "version": "1.1.11",
            "resolved": "https://registry.npmjs.org/brace-expansion/-/brace-expansion-1.1.11.tgz",
            "integrity": "sha512-iCuPHDFgrHX7H2vEI/5xpz07zSHB00TpugqhmYtVmMO6518mCuRMoOYFldEBl0g187ufozdaHgWKcYFb61qGiA==",
            "dev": true,
            "requires": {
                "balanced-match": "^1.0.0",
                "concat-map": "0.0.1"
            }
        },
        "cheap-watch": {
            "version": "1.0.3",
            "resolved": "https://registry.npmjs.org/cheap-watch/-/cheap-watch-1.0.3.tgz",
            "integrity": "sha512-xC5CruMhLzjPwJ5ecUxGu1uGmwJQykUhqd2QrCrYbwvsFYdRyviu6jG9+pccwDXJR/OpmOTOJ9yLFunVgQu9wg==",
            "dev": true
        },
        "chota": {
            "version": "0.8.0",
            "resolved": "https://registry.npmjs.org/chota/-/chota-0.8.0.tgz",
            "integrity": "sha512-6Y6MrULPNVup+9i+bFF5mXvifw4/N0AqcTO6VkhRcmRqY0XD2/EKq2kD8y7dX/PJnDq9ruHl2NURlPtGkMSNsg=="
        },
        "colorette": {
            "version": "1.2.2",
            "resolved": "https://registry.npmjs.org/colorette/-/colorette-1.2.2.tgz",
            "integrity": "sha512-MKGMzyfeuutC/ZJ1cba9NqcNpfeqMUcYmyF1ZFY6/Cn7CNSAKx6a+s48sqLqyAiZuaP2TcqMhoo+dlwFnVxT9w==",
            "dev": true,
            "peer": true
        },
        "concat-map": {
            "version": "0.0.1",
            "resolved": "https://registry.npmjs.org/concat-map/-/concat-map-0.0.1.tgz",
            "integrity": "sha1-2Klr13/Wjfd5OnMDajug1UBdR3s=",
            "dev": true
        },
        "debug": {
            "version": "4.3.2",
            "resolved": "https://registry.npmjs.org/debug/-/debug-4.3.2.tgz",
            "integrity": "sha512-mOp8wKcvj7XxC78zLgw/ZA+6TSgkoE2C/ienthhRD298T7UNwAg9diBpLRxC0mOezLl4B0xV7M0cCO6P/O0Xhw==",
            "dev": true,
            "requires": {
                "ms": "2.1.2"
            }
        },
        "esbuild": {
            "version": "0.9.6",
            "resolved": "https://registry.npmjs.org/esbuild/-/esbuild-0.9.6.tgz",
            "integrity": "sha512-F6vASxU0wT/Davt9aj2qtDwDNSkQxh9VbyO56M7PDWD+D/Vgq/rmUDGDQo7te76W5auauVojjnQr/wTu3vpaUA==",
            "dev": true,
            "peer": true
        },
        "fs.realpath": {
            "version": "1.0.0",
            "resolved": "https://registry.npmjs.org/fs.realpath/-/fs.realpath-1.0.0.tgz",
            "integrity": "sha1-FQStJSMVjKpA20onh8sBQRmU6k8=",
            "dev": true
        },
        "function-bind": {
            "version": "1.1.1",
            "resolved": "https://registry.npmjs.org/function-bind/-/function-bind-1.1.1.tgz",
            "integrity": "sha512-yIovAzMX49sF8Yl58fSCWJ5svSLuaibPxXQJFLmBObTuCr0Mf1KiPopGM9NiFjiYBCbfaa2Fh6breQ6ANVTI0A==",
            "dev": true,
            "peer": true
        },
        "glob": {
            "version": "7.1.6",
            "resolved": "https://registry.npmjs.org/glob/-/glob-7.1.6.tgz",
            "integrity": "sha512-LwaxwyZ72Lk7vZINtNNrywX0ZuLyStrdDtabefZKAY5ZGJhVtgdznluResxNmPitE0SAO+O26sWTHeKSI2wMBA==",
            "dev": true,
            "requires": {
                "fs.realpath": "^1.0.0",
                "inflight": "^1.0.4",
                "inherits": "2",
                "minimatch": "^3.0.4",
                "once": "^1.3.0",
                "path-is-absolute": "^1.0.0"
            }
        },
        "has": {
            "version": "1.0.3",
            "resolved": "https://registry.npmjs.org/has/-/has-1.0.3.tgz",
            "integrity": "sha512-f2dvO0VU6Oej7RkWJGrehjbzMAjFp5/VKPp5tTpWIV4JHHZK1/BxbFRtf/siA2SWTe09caDmVtYYzWEIbBS4zw==",
            "dev": true,
            "peer": true,
            "requires": {
                "function-bind": "^1.1.1"
            }
        },
        "hash-sum": {
            "version": "2.0.0",
            "resolved": "https://registry.npmjs.org/hash-sum/-/hash-sum-2.0.0.tgz",
            "integrity": "sha512-WdZTbAByD+pHfl/g9QSsBIIwy8IT+EsPiKDs0KNX+zSHhdDLFKdZu0BQHljvO+0QI/BasbMSUa8wYNCZTvhslg==",
            "dev": true
        },
        "inflight": {
            "version": "1.0.6",
            "resolved": "https://registry.npmjs.org/inflight/-/inflight-1.0.6.tgz",
            "integrity": "sha1-Sb1jMdfQLQwJvJEKEHW6gWW1bfk=",
            "dev": true,
            "requires": {
                "once": "^1.3.0",
                "wrappy": "1"
            }
        },
        "inherits": {
            "version": "2.0.4",
            "resolved": "https://registry.npmjs.org/inherits/-/inherits-2.0.4.tgz",
            "integrity": "sha512-k/vGaX4/Yla3WzyMCvTQOXYeIHvqOKtnqBduzTHpzpQZzAskKMhZ2K+EnBiSM9zGSoIFeMpXKxa4dYeZIQqewQ==",
            "dev": true
        },
        "is-core-module": {
            "version": "2.2.0",
            "resolved": "https://registry.npmjs.org/is-core-module/-/is-core-module-2.2.0.tgz",
            "integrity": "sha512-XRAfAdyyY5F5cOXn7hYQDqh2Xmii+DEfIcQGxK/uNwMHhIkPWO0g8msXcbzLe+MpGoR951MlqM/2iIlU4vKDdQ==",
            "dev": true,
            "peer": true,
            "requires": {
                "has": "^1.0.3"
            }
        },
        "minimatch": {
            "version": "3.0.4",
            "resolved": "https://registry.npmjs.org/minimatch/-/minimatch-3.0.4.tgz",
            "integrity": "sha512-yJHVQEhyqPLUTgt9B83PXu6W3rx4MvvHvSUvToogpwoGDOUQ+yDrR0HRot+yOCdCO7u4hX3pWft6kWBBcqh0UA==",
            "dev": true,
            "requires": {
                "brace-expansion": "^1.1.7"
            }
        },
        "mri": {
            "version": "1.1.6",
            "resolved": "https://registry.npmjs.org/mri/-/mri-1.1.6.tgz",
            "integrity": "sha512-oi1b3MfbyGa7FJMP9GmLTttni5JoICpYBRlq+x5V16fZbLsnL9N3wFqqIm/nIG43FjUFkFh9Epzp/kzUGUnJxQ==",
            "dev": true
        },
        "ms": {
            "version": "2.1.2",
            "resolved": "https://registry.npmjs.org/ms/-/ms-2.1.2.tgz",
            "integrity": "sha512-sGkPx+VjMtmA6MX27oA4FBFELFCZZ4S4XqeGOXCv68tT+jb3vk/RyaKWP0PTKyWtmLSM0b+adUTEvbs1PEaH2w==",
            "dev": true
        },
        "nanoid": {
            "version": "3.1.22",
            "resolved": "https://registry.npmjs.org/nanoid/-/nanoid-3.1.22.tgz",
            "integrity": "sha512-/2ZUaJX2ANuLtTvqTlgqBQNJoQO398KyJgZloL0PZkC0dpysjncRUPsFe3DUPzz/y3h+u7C46np8RMuvF3jsSQ==",
            "dev": true,
            "peer": true
        },
        "once": {
            "version": "1.4.0",
            "resolved": "https://registry.npmjs.org/once/-/once-1.4.0.tgz",
            "integrity": "sha1-WDsap3WWHUsROsF9nFC6753Xa9E=",
            "dev": true,
            "requires": {
                "wrappy": "1"
            }
        },
        "path-is-absolute": {
            "version": "1.0.1",
            "resolved": "https://registry.npmjs.org/path-is-absolute/-/path-is-absolute-1.0.1.tgz",
            "integrity": "sha1-F0uSaHNVNP+8es5r9TpanhtcX18=",
            "dev": true
        },
        "path-parse": {
            "version": "1.0.6",
            "resolved": "https://registry.npmjs.org/path-parse/-/path-parse-1.0.6.tgz",
            "integrity": "sha512-GSmOT2EbHrINBf9SR7CDELwlJ8AENk3Qn7OikK4nFYAu3Ote2+JYNVvkpAEQm3/TLNEJFD/xZJjzyxg3KBWOzw==",
            "dev": true,
            "peer": true
        },
        "picomatch": {
            "version": "2.2.2",
            "resolved": "https://registry.npmjs.org/picomatch/-/picomatch-2.2.2.tgz",
            "integrity": "sha512-q0M/9eZHzmr0AulXyPwNfZjtwZ/RBZlbN3K3CErVrk50T2ASYI7Bye0EvekFY3IP1Nt2DHu0re+V2ZHIpMkuWg==",
            "dev": true
        },
        "postcss": {
            "version": "8.2.8",
            "resolved": "https://registry.npmjs.org/postcss/-/postcss-8.2.8.tgz",
            "integrity": "sha512-1F0Xb2T21xET7oQV9eKuctbM9S7BC0fetoHCc4H13z0PT6haiRLP4T0ZY4XWh7iLP0usgqykT6p9B2RtOf4FPw==",
            "dev": true,
            "peer": true,
            "requires": {
                "colorette": "^1.2.2",
                "nanoid": "^3.1.20",
                "source-map": "^0.6.1"
            },
            "dependencies": {
                "source-map": {
                    "version": "0.6.1",
                    "resolved": "https://registry.npmjs.org/source-map/-/source-map-0.6.1.tgz",
                    "integrity": "sha512-UjgapumWlbMhkBgzT7Ykc5YXUT46F0iKu8SGXq0bcwP5dz/h0Plj6enJqjz1Zbq2l5WaqYnrVbwWOWMyF3F47g==",
                    "dev": true,
                    "peer": true
                }
            }
        },
        "prismjs": {
            "version": "1.27.0",
            "resolved": "https://registry.npmjs.org/prismjs/-/prismjs-1.27.0.tgz",
            "integrity": "sha512-t13BGPUlFDR7wRB5kQDG4jjl7XeuH6jbJGt11JHPL96qwsEHNX2+68tFXqc1/k+/jALsbSWJKUOT/hcYAZ5LkA=="
        },
        "require-relative": {
            "version": "0.8.7",
            "resolved": "https://registry.npmjs.org/require-relative/-/require-relative-0.8.7.tgz",
            "integrity": "sha1-eZlTn8ngR6N5KPoZb44VY9q9Nt4=",
            "dev": true
        },
        "resolve": {
            "version": "1.20.0",
            "resolved": "https://registry.npmjs.org/resolve/-/resolve-1.20.0.tgz",
            "integrity": "sha512-wENBPt4ySzg4ybFQW2TT1zMQucPK95HSh/nq2CFTZVOGut2+pQvSsgtda4d26YrYcr067wjbmzOG8byDPBX63A==",
            "dev": true,
            "peer": true,
            "requires": {
                "is-core-module": "^2.2.0",
                "path-parse": "^1.0.6"
            }
        },
        "rimraf": {
            "version": "3.0.2",
            "resolved": "https://registry.npmjs.org/rimraf/-/rimraf-3.0.2.tgz",
            "integrity": "sha512-JZkJMZkAGFFPP2YqXZXPbMlMBgsxzE8ILs4lMIX/2o0L9UBw9O/Y3o6wFw/i9YLapcUJWwqbi3kdxIPdC62TIA==",
            "dev": true,
            "requires": {
                "glob": "^7.1.3"
            }
        },
        "rollup": {
            "version": "1.32.1",
            "resolved": "https://registry.npmjs.org/rollup/-/rollup-1.32.1.tgz",
            "integrity": "sha512-/2HA0Ec70TvQnXdzynFffkjA6XN+1e2pEv/uKS5Ulca40g2L7KuOE3riasHoNVHOsFD5KKZgDsMk1CP3Tw9s+A==",
            "dev": true,
            "peer": true,
            "requires": {
                "@types/estree": "*",
                "@types/node": "*",
                "acorn": "^7.1.0"
            }
        },
        "sade": {
            "version": "1.7.4",
            "resolved": "https://registry.npmjs.org/sade/-/sade-1.7.4.tgz",
            "integrity": "sha512-y5yauMD93rX840MwUJr7C1ysLFBgMspsdTo4UVrDg3fXDvtwOyIqykhVAAm6fk/3au77773itJStObgK+LKaiA==",
            "dev": true,
            "requires": {
                "mri": "^1.1.0"
            }
        },
        "slash": {
            "version": "3.0.0",
            "resolved": "https://registry.npmjs.org/slash/-/slash-3.0.0.tgz",
            "integrity": "sha512-g9Q1haeby36OSStwb4ntCGGGaKsaVSjQ68fBxoQcutl5fS1vuY18H3wSt3jFyFtrkx+Kz0V1G85A4MyAdDMi2Q==",
            "dev": true
        },
        "svelte": {
            "version": "3.35.0",
            "resolved": "https://registry.npmjs.org/svelte/-/svelte-3.35.0.tgz",
            "integrity": "sha512-gknlZkR2sXheu/X+B7dDImwANVvK1R0QGQLd8CNIfxxGPeXBmePnxfzb6fWwTQRsYQG7lYkZXvpXJvxvpsoB7g==",
            "dev": true
        },
        "svelte-feather": {
            "version": "file:..",
            "requires": {
                "esbuild": "^0.9.6",
                "esbuild-svelte": "^0.4.3",
                "feather-icons": "^4.28.0",
                "prettier": "^1.14.3",
                "rimraf": "^3.0.2",
                "svelte": "^3.22.3"
            }
        },
        "svelte-hmr": {
            "version": "0.13.3",
            "resolved": "https://registry.npmjs.org/svelte-hmr/-/svelte-hmr-0.13.3.tgz",
            "integrity": "sha512-gagW62pLQ2lULmvNA3pIZu9pBCYOaGu3rQikUOv6Nokz5VxUgT9/mQLfMxj9phDEKHCg/lgr3i6PkqZDbO9P2Q==",
            "dev": true,
            "requires": {}
        },
        "vite": {
            "version": "2.1.2",
            "resolved": "https://registry.npmjs.org/vite/-/vite-2.1.2.tgz",
            "integrity": "sha512-K96k5Nb1kywggFwZNGf/NQVZIrjMSvjebYWFIEQRu8AQWtzxatMF8/reExFXebmrfWAT3PTUk6l4zJBkpMtyVg==",
            "dev": true,
            "peer": true,
            "requires": {
                "esbuild": "^0.9.3",
                "fsevents": "~2.3.1",
                "postcss": "^8.2.1",
                "resolve": "^1.19.0",
                "rollup": "^2.38.5"
            },
            "dependencies": {
                "fsevents": {
                    "version": "2.3.2",
                    "resolved": "https://registry.npmjs.org/fsevents/-/fsevents-2.3.2.tgz",
                    "integrity": "sha512-xiqMQR4xAeHTuB9uWm+fFRcIOgKBMiOBP+eXiyT7jsgVCq1bkVygt00oASowB7EdtpOHaaPgKt812P9ab+DDKA==",
                    "dev": true,
                    "optional": true,
                    "peer": true
                },
                "rollup": {
                    "version": "2.42.4",
                    "resolved": "https://registry.npmjs.org/rollup/-/rollup-2.42.4.tgz",
                    "integrity": "sha512-Zqv3EvNfcllBHyyEUM754npqsZw82VIjK34cDQMwrQ1d6aqxzeYu5yFb7smGkPU4C1Bj7HupIMeT6WU7uIdnMw==",
                    "dev": true,
                    "peer": true,
                    "requires": {
                        "fsevents": "~2.3.1"
                    }
                }
            }
        },
        "wrappy": {
            "version": "1.0.2",
            "resolved": "https://registry.npmjs.org/wrappy/-/wrappy-1.0.2.tgz",
            "integrity": "sha1-tSQ9jz7BqjXxNkYFvA0QNuMKtp8=",
            "dev": true
        }
    }
}
